
Microsoft Visual Studio Solution File, Format Version 9.00
# Visual C++ Express 2005
Project("{8BC9CEB8-8B4A-11D0-8D11-00A0C91BC942}") = "DrawStuff", "DrawStuff.vcproj", "{5B3F5A61-D0B8-4117-9041-F4F01752B9EE}"
EndProject
Project("{8BC9CEB8-8B4A-11D0-8D11-00A0C91BC942}") = "MakeAllTests", "MakeAllTests.vcproj", "{BE258BB1-E04B-46EF-A9CE-A9DF422BBF22}"
	ProjectSection(ProjectDependencies) = postProject
		{31A5FF6B-BDB4-4349-8DCC-03CF264BA98A} = {31A5FF6B-BDB4-4349-8DCC-03CF264BA98A}
		{568EAD81-7675-45F0-9548-CBE7964D01F4} = {568EAD81-7675-45F0-9548-CBE7964D01F4}
		{0F7B852C-C834-4FB1-8422-08F632BDB2D0} = {0F7B852C-C834-4FB1-8422-08F632BDB2D0}
		{ED132278-2061-4177-8B0F-FC1D5371B844} = {ED132278-2061-4177-8B0F-FC1D5371B844}
		{3AB5EDD5-658E-4457-96BE-01115DFDB99F} = {3AB5EDD5-658E-4457-96BE-01115DFDB99F}
		{97714F81-FD90-4A71-9094-1A35A2F91A66} = {97714F81-FD90-4A71-9094-1A35A2F91A66}
		{F08D4884-E7C4-458A-A4D5-C9D29319F611} = {F08D4884-E7C4-458A-A4D5-C9D29319F611}
		{CB2AD892-5443-41AF-8DAC-217D32260EC4} = {CB2AD892-5443-41AF-8DAC-217D32260EC4}
		{C14094E4-222D-48FF-A87A-E4C68476E36D} = {C14094E4-222D-48FF-A87A-E4C68476E36D}
		{F3F37D8D-9BBA-4095-9E1E-A9F5227A6CF7} = {F3F37D8D-9BBA-4095-9E1E-A9F5227A6CF7}
		{0860DE67-5216-41D3-9CE1-50B02C974E65} = {0860DE67-5216-41D3-9CE1-50B02C974E65}
		{C91CA3F7-57DE-4296-9469-F6918992339F} = {C91CA3F7-57DE-4296-9469-F6918992339F}
		{666B302D-01F8-46C4-A097-6D8BDFFF2229} = {666B302D-01F8-46C4-A097-6D8BDFFF2229}
		{2B9B0138-97BC-4E59-969C-23D1EB2F227F} = {2B9B0138-97BC-4E59-969C-23D1EB2F227F}
		{8D65CFD7-1FA5-44AC-80C6-4EFB28295917} = {8D65CFD7-1FA5-44AC-80C6-4EFB28295917}
	EndProjectSection
EndProject
Project("{8BC9CEB8-8B4A-11D0-8D11-00A0C91BC942}") = "OPCODE", "..\..\OPCODE\Opcode.vcproj", "{49FFE901-7F98-44AE-8EC9-02A2F744963A}"
EndProject
Project("{8BC9CEB8-8B4A-11D0-8D11-00A0C91BC942}") = "Test_BoxStack", "Test_BoxStack.vcproj", "{8D65CFD7-1FA5-44AC-80C6-4EFB28295917}"
	ProjectSection(ProjectDependencies) = postProject
		{D2E52DE3-77DB-4274-903D-AF91E21A3E0B} = {D2E52DE3-77DB-4274-903D-AF91E21A3E0B}
		{5B3F5A61-D0B8-4117-9041-F4F01752B9EE} = {5B3F5A61-D0B8-4117-9041-F4F01752B9EE}
	EndProjectSection
EndProject
Project("{8BC9CEB8-8B4A-11D0-8D11-00A0C91BC942}") = "Test_Buggy", "Test_Buggy.vcproj", "{2B9B0138-97BC-4E59-969C-23D1EB2F227F}"
	ProjectSection(ProjectDependencies) = postProject
		{D2E52DE3-77DB-4274-903D-AF91E21A3E0B} = {D2E52DE3-77DB-4274-903D-AF91E21A3E0B}
		{5B3F5A61-D0B8-4117-9041-F4F01752B9EE} = {5B3F5A61-D0B8-4117-9041-F4F01752B9EE}
	EndProjectSection
EndProject
Project("{8BC9CEB8-8B4A-11D0-8D11-00A0C91BC942}") = "Test_Chain1", "Test_Chain1.vcproj", "{666B302D-01F8-46C4-A097-6D8BDFFF2229}"
	ProjectSection(ProjectDependencies) = postProject
		{D2E52DE3-77DB-4274-903D-AF91E21A3E0B} = {D2E52DE3-77DB-4274-903D-AF91E21A3E0B}
		{5B3F5A61-D0B8-4117-9041-F4F01752B9EE} = {5B3F5A61-D0B8-4117-9041-F4F01752B9EE}
	EndProjectSection
EndProject
Project("{8BC9CEB8-8B4A-11D0-8D11-00A0C91BC942}") = "Test_Chain2", "Test_Chain2.vcproj", "{C91CA3F7-57DE-4296-9469-F6918992339F}"
	ProjectSection(ProjectDependencies) = postProject
		{D2E52DE3-77DB-4274-903D-AF91E21A3E0B} = {D2E52DE3-77DB-4274-903D-AF91E21A3E0B}
		{5B3F5A61-D0B8-4117-9041-F4F01752B9EE} = {5B3F5A61-D0B8-4117-9041-F4F01752B9EE}
	EndProjectSection
EndProject
Project("{8BC9CEB8-8B4A-11D0-8D11-00A0C91BC942}") = "Test_Collision", "Test_Collision.vcproj", "{0860DE67-5216-41D3-9CE1-50B02C974E65}"
	ProjectSection(ProjectDependencies) = postProject
		{D2E52DE3-77DB-4274-903D-AF91E21A3E0B} = {D2E52DE3-77DB-4274-903D-AF91E21A3E0B}
		{5B3F5A61-D0B8-4117-9041-F4F01752B9EE} = {5B3F5A61-D0B8-4117-9041-F4F01752B9EE}
	EndProjectSection
EndProject
Project("{8BC9CEB8-8B4A-11D0-8D11-00A0C91BC942}") = "Test_Friction", "Test_Friction.vcproj", "{F3F37D8D-9BBA-4095-9E1E-A9F5227A6CF7}"
	ProjectSection(ProjectDependencies) = postProject
		{D2E52DE3-77DB-4274-903D-AF91E21A3E0B} = {D2E52DE3-77DB-4274-903D-AF91E21A3E0B}
		{5B3F5A61-D0B8-4117-9041-F4F01752B9EE} = {5B3F5A61-D0B8-4117-9041-F4F01752B9EE}
	EndProjectSection
EndProject
Project("{8BC9CEB8-8B4A-11D0-8D11-00A0C91BC942}") = "Test_Hinge", "Test_Hinge.vcproj", "{C14094E4-222D-48FF-A87A-E4C68476E36D}"
	ProjectSection(ProjectDependencies) = postProject
		{D2E52DE3-77DB-4274-903D-AF91E21A3E0B} = {D2E52DE3-77DB-4274-903D-AF91E21A3E0B}
		{5B3F5A61-D0B8-4117-9041-F4F01752B9EE} = {5B3F5A61-D0B8-4117-9041-F4F01752B9EE}
	EndProjectSection
EndProject
Project("{8BC9CEB8-8B4A-11D0-8D11-00A0C91BC942}") = "Test_I", "Test_I.vcproj", "{CB2AD892-5443-41AF-8DAC-217D32260EC4}"
	ProjectSection(ProjectDependencies) = postProject
		{D2E52DE3-77DB-4274-903D-AF91E21A3E0B} = {D2E52DE3-77DB-4274-903D-AF91E21A3E0B}
		{5B3F5A61-D0B8-4117-9041-F4F01752B9EE} = {5B3F5A61-D0B8-4117-9041-F4F01752B9EE}
	EndProjectSection
EndProject
Project("{8BC9CEB8-8B4A-11D0-8D11-00A0C91BC942}") = "Test_Joints", "Test_Joints.vcproj", "{F08D4884-E7C4-458A-A4D5-C9D29319F611}"
	ProjectSection(ProjectDependencies) = postProject
		{D2E52DE3-77DB-4274-903D-AF91E21A3E0B} = {D2E52DE3-77DB-4274-903D-AF91E21A3E0B}
		{5B3F5A61-D0B8-4117-9041-F4F01752B9EE} = {5B3F5A61-D0B8-4117-9041-F4F01752B9EE}
	EndProjectSection
EndProject
Project("{8BC9CEB8-8B4A-11D0-8D11-00A0C91BC942}") = "Test_MovingTrimesh", "Test_MovingTrimesh.vcproj", "{568EAD81-7675-45F0-9548-CBE7964D01F4}"
	ProjectSection(ProjectDependencies) = postProject
		{D2E52DE3-77DB-4274-903D-AF91E21A3E0B} = {D2E52DE3-77DB-4274-903D-AF91E21A3E0B}
		{5B3F5A61-D0B8-4117-9041-F4F01752B9EE} = {5B3F5A61-D0B8-4117-9041-F4F01752B9EE}
	EndProjectSection
EndProject
Project("{8BC9CEB8-8B4A-11D0-8D11-00A0C91BC942}") = "Test_Ode", "Test_Ode.vcproj", "{97714F81-FD90-4A71-9094-1A35A2F91A66}"
	ProjectSection(ProjectDependencies) = postProject
		{D2E52DE3-77DB-4274-903D-AF91E21A3E0B} = {D2E52DE3-77DB-4274-903D-AF91E21A3E0B}
		{5B3F5A61-D0B8-4117-9041-F4F01752B9EE} = {5B3F5A61-D0B8-4117-9041-F4F01752B9EE}
	EndProjectSection
EndProject
Project("{8BC9CEB8-8B4A-11D0-8D11-00A0C91BC942}") = "Test_Slider", "Test_Slider.vcproj", "{3AB5EDD5-658E-4457-96BE-01115DFDB99F}"
	ProjectSection(ProjectDependencies) = postProject
		{D2E52DE3-77DB-4274-903D-AF91E21A3E0B} = {D2E52DE3-77DB-4274-903D-AF91E21A3E0B}
		{5B3F5A61-D0B8-4117-9041-F4F01752B9EE} = {5B3F5A61-D0B8-4117-9041-F4F01752B9EE}
	EndProjectSection
EndProject
Project("{8BC9CEB8-8B4A-11D0-8D11-00A0C91BC942}") = "Test_Space", "Test_Space.vcproj", "{ED132278-2061-4177-8B0F-FC1D5371B844}"
	ProjectSection(ProjectDependencies) = postProject
		{D2E52DE3-77DB-4274-903D-AF91E21A3E0B} = {D2E52DE3-77DB-4274-903D-AF91E21A3E0B}
		{5B3F5A61-D0B8-4117-9041-F4F01752B9EE} = {5B3F5A61-D0B8-4117-9041-F4F01752B9EE}
	EndProjectSection
EndProject
Project("{8BC9CEB8-8B4A-11D0-8D11-00A0C91BC942}") = "Test_Step", "Test_Step.vcproj", "{0F7B852C-C834-4FB1-8422-08F632BDB2D0}"
	ProjectSection(ProjectDependencies) = postProject
		{D2E52DE3-77DB-4274-903D-AF91E21A3E0B} = {D2E52DE3-77DB-4274-903D-AF91E21A3E0B}
		{5B3F5A61-D0B8-4117-9041-F4F01752B9EE} = {5B3F5A61-D0B8-4117-9041-F4F01752B9EE}
	EndProjectSection
EndProject
Project("{8BC9CEB8-8B4A-11D0-8D11-00A0C91BC942}") = "Test_Trimesh", "Test_Trimesh.vcproj", "{31A5FF6B-BDB4-4349-8DCC-03CF264BA98A}"
	ProjectSection(ProjectDependencies) = postProject
		{D2E52DE3-77DB-4274-903D-AF91E21A3E0B} = {D2E52DE3-77DB-4274-903D-AF91E21A3E0B}
		{5B3F5A61-D0B8-4117-9041-F4F01752B9EE} = {5B3F5A61-D0B8-4117-9041-F4F01752B9EE}
	EndProjectSection
EndProject
Project("{8BC9CEB8-8B4A-11D0-8D11-00A0C91BC942}") = "ode", "..\ode.vcproj", "{D2E52DE3-77DB-4274-903D-AF91E21A3E0B}"
	ProjectSection(ProjectDependencies) = postProject
		{49FFE901-7F98-44AE-8EC9-02A2F744963A} = {49FFE901-7F98-44AE-8EC9-02A2F744963A}
	EndProjectSection
EndProject
Global
	GlobalSection(SolutionConfigurationPlatforms) = preSolution
		Debug|Win32 = Debug|Win32
		Release|Win32 = Release|Win32
	EndGlobalSection
	GlobalSection(ProjectConfigurationPlatforms) = postSolution
		{5B3F5A61-D0B8-4117-9041-F4F01752B9EE}.Debug|Win32.ActiveCfg = Debug|Win32
		{5B3F5A61-D0B8-4117-9041-F4F01752B9EE}.Debug|Win32.Build.0 = Debug|Win32
		{5B3F5A61-D0B8-4117-9041-F4F01752B9EE}.Release|Win32.ActiveCfg = Release|Win32
		{5B3F5A61-D0B8-4117-9041-F4F01752B9EE}.Release|Win32.Build.0 = Release|Win32
		{BE258BB1-E04B-46EF-A9CE-A9DF422BBF22}.Debug|Win32.ActiveCfg = Debug|Win32
		{BE258BB1-E04B-46EF-A9CE-A9DF422BBF22}.Debug|Win32.Build.0 = Debug|Win32
		{BE258BB1-E04B-46EF-A9CE-A9DF422BBF22}.Release|Win32.ActiveCfg = Release|Win32
		{BE258BB1-E04B-46EF-A9CE-A9DF422BBF22}.Release|Win32.Build.0 = Release|Win32
		{49FFE901-7F98-44AE-8EC9-02A2F744963A}.Debug|Win32.ActiveCfg = Debug|Win32
		{49FFE901-7F98-44AE-8EC9-02A2F744963A}.Debug|Win32.Build.0 = Debug|Win32
		{49FFE901-7F98-44AE-8EC9-02A2F744963A}.Release|Win32.ActiveCfg = Release|Win32
		{49FFE901-7F98-44AE-8EC9-02A2F744963A}.Release|Win32.Build.0 = Release|Win32
		{8D65CFD7-1FA5-44AC-80C6-4EFB28295917}.Debug|Win32.ActiveCfg = Debug|Win32
		{8D65CFD7-1FA5-44AC-80C6-4EFB28295917}.Debug|Win32.Build.0 = Debug|Win32
		{8D65CFD7-1FA5-44AC-80C6-4EFB28295917}.Release|Win32.ActiveCfg = Release|Win32
		{8D65CFD7-1FA5-44AC-80C6-4EFB28295917}.Release|Win32.Build.0 = Release|Win32
		{2B9B0138-97BC-4E59-969C-23D1EB2F227F}.Debug|Win32.ActiveCfg = Debug|Win32
		{2B9B0138-97BC-4E59-969C-23D1EB2F227F}.Debug|Win32.Build.0 = Debug|Win32
		{2B9B0138-97BC-4E59-969C-23D1EB2F227F}.Release|Win32.ActiveCfg = Release|Win32
		{2B9B0138-97BC-4E59-969C-23D1EB2F227F}.Release|Win32.Build.0 = Release|Win32
		{666B302D-01F8-46C4-A097-6D8BDFFF2229}.Debug|Win32.ActiveCfg = Debug|Win32
		{666B302D-01F8-46C4-A097-6D8BDFFF2229}.Debug|Win32.Build.0 = Debug|Win32
		{666B302D-01F8-46C4-A097-6D8BDFFF2229}.Release|Win32.ActiveCfg = Release|Win32
		{666B302D-01F8-46C4-A097-6D8BDFFF2229}.Release|Win32.Build.0 = Release|Win32
		{C91CA3F7-57DE-4296-9469-F6918992339F}.Debug|Win32.ActiveCfg = Debug|Win32
		{C91CA3F7-57DE-4296-9469-F6918992339F}.Debug|Win32.Build.0 = Debug|Win32
		{C91CA3F7-57DE-4296-9469-F6918992339F}.Release|Win32.ActiveCfg = Release|Win32
		{C91CA3F7-57DE-4296-9469-F6918992339F}.Release|Win32.Build.0 = Release|Win32
		{0860DE67-5216-41D3-9CE1-50B02C974E65}.Debug|Win32.ActiveCfg = Debug|Win32
		{0860DE67-5216-41D3-9CE1-50B02C974E65}.Debug|Win32.Build.0 = Debug|Win32
		{0860DE67-5216-41D3-9CE1-50B02C974E65}.Release|Win32.ActiveCfg = Release|Win32
		{0860DE67-5216-41D3-9CE1-50B02C974E65}.Release|Win32.Build.0 = Release|Win32
		{F3F37D8D-9BBA-4095-9E1E-A9F5227A6CF7}.Debug|Win32.ActiveCfg = Debug|Win32
		{F3F37D8D-9BBA-4095-9E1E-A9F5227A6CF7}.Debug|Win32.Build.0 = Debug|Win32
		{F3F37D8D-9BBA-4095-9E1E-A9F5227A6CF7}.Release|Win32.ActiveCfg = Release|Win32
		{F3F37D8D-9BBA-4095-9E1E-A9F5227A6CF7}.Release|Win32.Build.0 = Release|Win32
		{C14094E4-222D-48FF-A87A-E4C68476E36D}.Debug|Win32.ActiveCfg = Debug|Win32
		{C14094E4-222D-48FF-A87A-E4C68476E36D}.Debug|Win32.Build.0 = Debug|Win32
		{C14094E4-222D-48FF-A87A-E4C68476E36D}.Release|Win32.ActiveCfg = Release|Win32
		{C14094E4-222D-48FF-A87A-E4C68476E36D}.Release|Win32.Build.0 = Release|Win32
		{CB2AD892-5443-41AF-8DAC-217D32260EC4}.Debug|Win32.ActiveCfg = Debug|Win32
		{CB2AD892-5443-41AF-8DAC-217D32260EC4}.Debug|Win32.Build.0 = Debug|Win32
		{CB2AD892-5443-41AF-8DAC-217D32260EC4}.Release|Win32.ActiveCfg = Release|Win32
		{CB2AD892-5443-41AF-8DAC-217D32260EC4}.Release|Win32.Build.0 = Release|Win32
		{F08D4884-E7C4-458A-A4D5-C9D29319F611}.Debug|Win32.ActiveCfg = Debug|Win32
		{F08D4884-E7C4-458A-A4D5-C9D29319F611}.Debug|Win32.Build.0 = Debug|Win32
		{F08D4884-E7C4-458A-A4D5-C9D29319F611}.Release|Win32.ActiveCfg = Release|Win32
		{F08D4884-E7C4-458A-A4D5-C9D29319F611}.Release|Win32.Build.0 = Release|Win32
		{568EAD81-7675-45F0-9548-CBE7964D01F4}.Debug|Win32.ActiveCfg = Debug|Win32
		{568EAD81-7675-45F0-9548-CBE7964D01F4}.Debug|Win32.Build.0 = Debug|Win32
		{568EAD81-7675-45F0-9548-CBE7964D01F4}.Release|Win32.ActiveCfg = Release|Win32
		{568EAD81-7675-45F0-9548-CBE7964D01F4}.Release|Win32.Build.0 = Release|Win32
		{97714F81-FD90-4A71-9094-1A35A2F91A66}.Debug|Win32.ActiveCfg = Debug|Win32
		{97714F81-FD90-4A71-9094-1A35A2F91A66}.Debug|Win32.Build.0 = Debug|Win32
		{97714F81-FD90-4A71-9094-1A35A2F91A66}.Release|Win32.ActiveCfg = Release|Win32
		{97714F81-FD90-4A71-9094-1A35A2F91A66}.Release|Win32.Build.0 = Release|Win32
		{3AB5EDD5-658E-4457-96BE-01115DFDB99F}.Debug|Win32.ActiveCfg = Debug|Win32
		{3AB5EDD5-658E-4457-96BE-01115DFDB99F}.Debug|Win32.Build.0 = Debug|Win32
		{3AB5EDD5-658E-4457-96BE-01115DFDB99F}.Release|Win32.ActiveCfg = Release|Win32
		{3AB5EDD5-658E-4457-96BE-01115DFDB99F}.Release|Win32.Build.0 = Release|Win32
		{ED132278-2061-4177-8B0F-FC1D5371B844}.Debug|Win32.ActiveCfg = Debug|Win32
		{ED132278-2061-4177-8B0F-FC1D5371B844}.Debug|Win32.Build.0 = Debug|Win32
		{ED132278-2061-4177-8B0F-FC1D5371B844}.Release|Win32.ActiveCfg = Release|Win32
		{ED132278-2061-4177-8B0F-FC1D5371B844}.Release|Win32.Build.0 = Release|Win32
		{0F7B852C-C834-4FB1-8422-08F632BDB2D0}.Debug|Win32.ActiveCfg = Debug|Win32
		{0F7B852C-C834-4FB1-8422-08F632BDB2D0}.Debug|Win32.Build.0 = Debug|Win32
		{0F7B852C-C834-4FB1-8422-08F632BDB2D0}.Release|Win32.ActiveCfg = Release|Win32
		{0F7B852C-C834-4FB1-8422-08F632BDB2D0}.Release|Win32.Build.0 = Release|Win32
		{31A5FF6B-BDB4-4349-8DCC-03CF264BA98A}.Debug|Win32.ActiveCfg = Debug|Win32
		{31A5FF6B-BDB4-4349-8DCC-03CF264BA98A}.Debug|Win32.Build.0 = Debug|Win32
		{31A5FF6B-BDB4-4349-8DCC-03CF264BA98A}.Release|Win32.ActiveCfg = Release|Win32
		{31A5FF6B-BDB4-4349-8DCC-03CF264BA98A}.Release|Win32.Build.0 = Release|Win32
		{D2E52DE3-77DB-4274-903D-AF91E21A3E0B}.Debug|Win32.ActiveCfg = Debug|Win32
		{D2E52DE3-77DB-4274-903D-AF91E21A3E0B}.Debug|Win32.Build.0 = Debug|Win32
		{D2E52DE3-77DB-4274-903D-AF91E21A3E0B}.Release|Win32.ActiveCfg = Release|Win32
		{D2E52DE3-77DB-4274-903D-AF91E21A3E0B}.Release|Win32.Build.0 = Release|Win32
	EndGlobalSection
	GlobalSection(SolutionProperties) = preSolution
		HideSolutionNode = FALSE
	EndGlobalSection
EndGlobal
